{
    "_meta": {
        "hash": {
            "sha256": "8cdd2959fc37a998b753d78266a0d7f1f012d64e0dbe7b3c68278c264fffc797"
        },
        "pipfile-spec": 6,
        "requires": {
            "python_version": "3.7"
        },
        "sources": [
            {
                "name": "pypi",
                "url": "https://pypi.org/simple",
                "verify_ssl": true
            }
        ]
    },
    "default": {},
    "develop": {
        "framework": {
            "editable": true,
            "path": "./../framework"
        }
    }
}
